
Microsoft Visual Studio Solution File, Format Version 12.00
# Visual Studio 15
VisualStudioVersion = 15.0.27130.2027
MinimumVisualStudioVersion = 10.0.40219.1
Project("{8BC9CEB8-8B4A-11D0-8D11-00A0C91BC942}") = "DataStructures_HW5", "DataStructures_HW5\DataStructures_HW5.vcxproj", "{32B80AC2-68A8-44E1-80FC-9E447EEBF261}"
EndProject
Global
	GlobalSection(SolutionConfigurationPlatforms) = preSolution
		Debug|x64 = Debug|x64
		Debug|x86 = Debug|x86
		Release|x64 = Release|x64
		Release|x86 = Release|x86
	EndGlobalSection
	GlobalSection(ProjectConfigurationPlatforms) = postSolution
		{32B80AC2-68A8-44E1-80FC-9E447EEBF261}.Debug|x64.ActiveCfg = Debug|x64
		{32B80AC2-68A8-44E1-80FC-9E447EEBF261}.Debug|x64.Build.0 = Debug|x64
		{32B80AC2-68A8-44E1-80FC-9E447EEBF261}.Debug|x86.ActiveCfg = Debug|x64
		{32B80AC2-68A8-44E1-80FC-9E447EEBF261}.Debug|x86.Build.0 = Debug|x64
		{32B80AC2-68A8-44E1-80FC-9E447EEBF261}.Release|x64.ActiveCfg = Debug|x64
		{32B80AC2-68A8-44E1-80FC-9E447EEBF261}.Release|x64.Build.0 = Debug|x64
		{32B80AC2-68A8-44E1-80FC-9E447EEBF261}.Release|x86.ActiveCfg = Debug|x64
		{32B80AC2-68A8-44E1-80FC-9E447EEBF261}.Release|x86.Build.0 = Debug|x64
	EndGlobalSection
	GlobalSection(SolutionProperties) = preSolution
		HideSolutionNode = FALSE
	EndGlobalSection
	GlobalSection(ExtensibilityGlobals) = postSolution
		SolutionGuid = {D3C9B1E4-0A96-4849-9580-218FCB9A80BF}
	EndGlobalSection
EndGlobal
